<?xml version="1.0" encoding="UTF-8"?>
<!DOCTYPE plist PUBLIC "-//Apple//DTD PLIST 1.0//EN" "http://www.apple.com/DTDs/PropertyList-1.0.dtd">
<plist version="1.0">
<dict>
	<key>archiveVersion</key>
	<string>1</string>
	<key>classes</key>
	<dict/>
	<key>objectVersion</key>
	<string>46</string>
	<key>objects</key>
	<dict>
		<key>16EF04BD47844EC68B3950F3</key>
		<dict>
			<key>includeInIndex</key>
			<string>1</string>
			<key>isa</key>
			<string>PBXFileReference</string>
			<key>lastKnownFileType</key>
			<string>text.xcconfig</string>
			<key>name</key>
			<string>Pods.xcconfig</string>
			<key>path</key>
			<string>Pods/Pods.xcconfig</string>
			<key>sourceTree</key>
			<string>&lt;group&gt;</string>
		</dict>
		<key>18AEA82A40A947E89F3CC7DD</key>
		<dict>
			<key>buildActionMask</key>
			<string>2147483647</string>
			<key>files</key>
			<array/>
			<key>inputPaths</key>
			<array/>
			<key>isa</key>
			<string>PBXShellScriptBuildPhase</string>
			<key>name</key>
			<string>Check Pods Manifest.lock</string>
			<key>outputPaths</key>
			<array/>
			<key>runOnlyForDeploymentPostprocessing</key>
			<string>0</string>
			<key>shellPath</key>
			<string>/bin/sh</string>
			<key>shellScript</key>
			<string>diff "${PODS_ROOT}/../Podfile.lock" "${PODS_ROOT}/Manifest.lock" &gt; /dev/null
if [[ $? != 0 ]] ; then
    cat &lt;&lt; EOM
error: The sandbox is not in sync with the Podfile.lock. Run 'pod install' or update your CocoaPods installation.
EOM
    exit 1
fi
</string>
			<key>showEnvVarsInLog</key>
			<string>0</string>
		</dict>
		<key>1C2661F718550437001F982E</key>
		<dict>
			<key>children</key>
			<array>
				<string>1CA5E0951852489200A9FB8C</string>
				<string>1CA5E0961852489200A9FB8C</string>
				<string>1CA5E0971852489200A9FB8C</string>
			</array>
			<key>isa</key>
			<string>PBXGroup</string>
			<key>name</key>
			<string>= Icons</string>
			<key>sourceTree</key>
			<string>&lt;group&gt;</string>
		</dict>
		<key>1C2661F818550451001F982E</key>
		<dict>
			<key>children</key>
			<array>
				<string>1C2661F918550463001F982E</string>
				<string>1C2661FA18550463001F982E</string>
				<string>1C2661FB18550463001F982E</string>
				<string>1C2661FC18550463001F982E</string>
				<string>1C2661FD18550463001F982E</string>
				<string>1C2661FE18550463001F982E</string>
				<string>1C2661FF18550463001F982E</string>
				<string>1C26620018550463001F982E</string>
				<string>1C26620118550463001F982E</string>
				<string>1C26620218550463001F982E</string>
				<string>1C26620318550463001F982E</string>
			</array>
			<key>isa</key>
			<string>PBXGroup</string>
			<key>name</key>
			<string>= Fancy TableView Graphics</string>
			<key>sourceTree</key>
			<string>&lt;group&gt;</string>
		</dict>
		<key>1C2661F918550463001F982E</key>
		<dict>
			<key>isa</key>
			<string>PBXFileReference</string>
			<key>lastKnownFileType</key>
			<string>image.png</string>
			<key>path</key>
			<string>button_back.png</string>
			<key>sourceTree</key>
			<string>&lt;group&gt;</string>
		</dict>
		<key>1C2661FA18550463001F982E</key>
		<dict>
			<key>isa</key>
			<string>PBXFileReference</string>
			<key>lastKnownFileType</key>
			<string>image.png</string>
			<key>path</key>
			<string>button_normal.png</string>
			<key>sourceTree</key>
			<string>&lt;group&gt;</string>
		</dict>
		<key>1C2661FB18550463001F982E</key>
		<dict>
			<key>isa</key>
			<string>PBXFileReference</string>
			<key>lastKnownFileType</key>
			<string>image.png</string>
			<key>path</key>
			<string>cell_bottom.png</string>
			<key>sourceTree</key>
			<string>&lt;group&gt;</string>
		</dict>
		<key>1C2661FC18550463001F982E</key>
		<dict>
			<key>isa</key>
			<string>PBXFileReference</string>
			<key>lastKnownFileType</key>
			<string>image.png</string>
			<key>path</key>
			<string>cell_bottom@2x.png</string>
			<key>sourceTree</key>
			<string>&lt;group&gt;</string>
		</dict>
		<key>1C2661FD18550463001F982E</key>
		<dict>
			<key>isa</key>
			<string>PBXFileReference</string>
			<key>lastKnownFileType</key>
			<string>image.png</string>
			<key>path</key>
			<string>cell_middle.png</string>
			<key>sourceTree</key>
			<string>&lt;group&gt;</string>
		</dict>
		<key>1C2661FE18550463001F982E</key>
		<dict>
			<key>isa</key>
			<string>PBXFileReference</string>
			<key>lastKnownFileType</key>
			<string>image.png</string>
			<key>path</key>
			<string>cell_middle@2x.png</string>
			<key>sourceTree</key>
			<string>&lt;group&gt;</string>
		</dict>
		<key>1C2661FF18550463001F982E</key>
		<dict>
			<key>isa</key>
			<string>PBXFileReference</string>
			<key>lastKnownFileType</key>
			<string>image.png</string>
			<key>path</key>
			<string>cell_top_tile.png</string>
			<key>sourceTree</key>
			<string>&lt;group&gt;</string>
		</dict>
		<key>1C26620018550463001F982E</key>
		<dict>
			<key>isa</key>
			<string>PBXFileReference</string>
			<key>lastKnownFileType</key>
			<string>image.png</string>
			<key>path</key>
			<string>cell_top.png</string>
			<key>sourceTree</key>
			<string>&lt;group&gt;</string>
		</dict>
		<key>1C26620118550463001F982E</key>
		<dict>
			<key>isa</key>
			<string>PBXFileReference</string>
			<key>lastKnownFileType</key>
			<string>image.png</string>
			<key>path</key>
			<string>cell_top@2x.png</string>
			<key>sourceTree</key>
			<string>&lt;group&gt;</string>
		</dict>
		<key>1C26620218550463001F982E</key>
		<dict>
			<key>isa</key>
			<string>PBXFileReference</string>
			<key>lastKnownFileType</key>
			<string>image.png</string>
			<key>path</key>
			<string>common_bg.png</string>
			<key>sourceTree</key>
			<string>&lt;group&gt;</string>
		</dict>
		<key>1C26620318550463001F982E</key>
		<dict>
			<key>isa</key>
			<string>PBXFileReference</string>
			<key>lastKnownFileType</key>
			<string>image.png</string>
			<key>path</key>
			<string>common_bg@2x.png</string>
			<key>sourceTree</key>
			<string>&lt;group&gt;</string>
		</dict>
		<key>1C26620418550463001F982E</key>
		<dict>
			<key>fileRef</key>
			<string>1C2661F918550463001F982E</string>
			<key>isa</key>
			<string>PBXBuildFile</string>
		</dict>
		<key>1C26620518550463001F982E</key>
		<dict>
			<key>fileRef</key>
			<string>1C2661FA18550463001F982E</string>
			<key>isa</key>
			<string>PBXBuildFile</string>
		</dict>
		<key>1C26620618550463001F982E</key>
		<dict>
			<key>fileRef</key>
			<string>1C2661FB18550463001F982E</string>
			<key>isa</key>
			<string>PBXBuildFile</string>
		</dict>
		<key>1C26620718550463001F982E</key>
		<dict>
			<key>fileRef</key>
			<string>1C2661FC18550463001F982E</string>
			<key>isa</key>
			<string>PBXBuildFile</string>
		</dict>
		<key>1C26620818550463001F982E</key>
		<dict>
			<key>fileRef</key>
			<string>1C2661FD18550463001F982E</string>
			<key>isa</key>
			<string>PBXBuildFile</string>
		</dict>
		<key>1C26620918550463001F982E</key>
		<dict>
			<key>fileRef</key>
			<string>1C2661FE18550463001F982E</string>
			<key>isa</key>
			<string>PBXBuildFile</string>
		</dict>
		<key>1C26620A18550463001F982E</key>
		<dict>
			<key>fileRef</key>
			<string>1C2661FF18550463001F982E</string>
			<key>isa</key>
			<string>PBXBuildFile</string>
		</dict>
		<key>1C26620B18550463001F982E</key>
		<dict>
			<key>fileRef</key>
			<string>1C26620018550463001F982E</string>
			<key>isa</key>
			<string>PBXBuildFile</string>
		</dict>
		<key>1C26620C18550463001F982E</key>
		<dict>
			<key>fileRef</key>
			<string>1C26620118550463001F982E</string>
			<key>isa</key>
			<string>PBXBuildFile</string>
		</dict>
		<key>1C26620D18550463001F982E</key>
		<dict>
			<key>fileRef</key>
			<string>1C26620218550463001F982E</string>
			<key>isa</key>
			<string>PBXBuildFile</string>
		</dict>
		<key>1C26620E18550463001F982E</key>
		<dict>
			<key>fileRef</key>
			<string>1C26620318550463001F982E</string>
			<key>isa</key>
			<string>PBXBuildFile</string>
		</dict>
		<key>1C26620F18550814001F982E</key>
		<dict>
			<key>fileEncoding</key>
			<string>4</string>
			<key>isa</key>
			<string>PBXFileReference</string>
			<key>lastKnownFileType</key>
			<string>sourcecode.c.h</string>
			<key>path</key>
			<string>ResultsViewController.h</string>
			<key>sourceTree</key>
			<string>&lt;group&gt;</string>
		</dict>
		<key>1C26621018550814001F982E</key>
		<dict>
			<key>fileEncoding</key>
			<string>4</string>
			<key>isa</key>
			<string>PBXFileReference</string>
			<key>lastKnownFileType</key>
			<string>sourcecode.c.objc</string>
			<key>path</key>
			<string>ResultsViewController.m</string>
			<key>sourceTree</key>
			<string>&lt;group&gt;</string>
		</dict>
		<key>1C26621118550814001F982E</key>
		<dict>
			<key>fileRef</key>
			<string>1C26621018550814001F982E</string>
			<key>isa</key>
			<string>PBXBuildFile</string>
		</dict>
		<key>1C2662121855082A001F982E</key>
		<dict>
			<key>children</key>
			<array>
				<string>1C65312618568BC100CB81BC</string>
				<string>1C65312718568BC100CB81BC</string>
				<string>1C65312918568BC900CB81BC</string>
				<string>1C65312A18568BC900CB81BC</string>
				<string>1C65312E18568BFB00CB81BC</string>
				<string>1C65312F18568C0500CB81BC</string>
			</array>
			<key>isa</key>
			<string>PBXGroup</string>
			<key>name</key>
			<string>= AppLogic + Networking</string>
			<key>sourceTree</key>
			<string>&lt;group&gt;</string>
		</dict>
		<key>1C26621318550871001F982E</key>
		<dict>
			<key>isa</key>
			<string>PBXFileReference</string>
			<key>lastKnownFileType</key>
			<string>wrapper.framework</string>
			<key>name</key>
			<string>QuartzCore.framework</string>
			<key>path</key>
			<string>System/Library/Frameworks/QuartzCore.framework</string>
			<key>sourceTree</key>
			<string>SDKROOT</string>
		</dict>
		<key>1C26621418550871001F982E</key>
		<dict>
			<key>fileRef</key>
			<string>1C26621318550871001F982E</string>
			<key>isa</key>
			<string>PBXBuildFile</string>
		</dict>
		<key>1C2662151855087B001F982E</key>
		<dict>
			<key>isa</key>
			<string>PBXFileReference</string>
			<key>lastKnownFileType</key>
			<string>wrapper.framework</string>
			<key>name</key>
			<string>CoreData.framework</string>
			<key>path</key>
			<string>System/Library/Frameworks/CoreData.framework</string>
			<key>sourceTree</key>
			<string>SDKROOT</string>
		</dict>
		<key>1C2662161855087B001F982E</key>
		<dict>
			<key>fileRef</key>
			<string>1C2662151855087B001F982E</string>
			<key>isa</key>
			<string>PBXBuildFile</string>
		</dict>
		<key>1C26621718550884001F982E</key>
		<dict>
			<key>isa</key>
			<string>PBXFileReference</string>
			<key>lastKnownFileType</key>
			<string>wrapper.framework</string>
			<key>name</key>
			<string>CoreText.framework</string>
			<key>path</key>
			<string>System/Library/Frameworks/CoreText.framework</string>
			<key>sourceTree</key>
			<string>SDKROOT</string>
		</dict>
		<key>1C26621818550884001F982E</key>
		<dict>
			<key>fileRef</key>
			<string>1C26621718550884001F982E</string>
			<key>isa</key>
			<string>PBXBuildFile</string>
		</dict>
		<key>1C65312618568BC100CB81BC</key>
		<dict>
			<key>fileEncoding</key>
			<string>4</string>
			<key>isa</key>
			<string>PBXFileReference</string>
			<key>lastKnownFileType</key>
			<string>sourcecode.c.h</string>
			<key>path</key>
			<string>GuardianManager.h</string>
			<key>sourceTree</key>
			<string>&lt;group&gt;</string>
		</dict>
		<key>1C65312718568BC100CB81BC</key>
		<dict>
			<key>fileEncoding</key>
			<string>4</string>
			<key>isa</key>
			<string>PBXFileReference</string>
			<key>lastKnownFileType</key>
			<string>sourcecode.c.objc</string>
			<key>path</key>
			<string>GuardianManager.m</string>
			<key>sourceTree</key>
			<string>&lt;group&gt;</string>
		</dict>
		<key>1C65312818568BC100CB81BC</key>
		<dict>
			<key>fileRef</key>
			<string>1C65312718568BC100CB81BC</string>
			<key>isa</key>
			<string>PBXBuildFile</string>
		</dict>
		<key>1C65312918568BC900CB81BC</key>
		<dict>
			<key>fileEncoding</key>
			<string>4</string>
			<key>isa</key>
			<string>PBXFileReference</string>
			<key>lastKnownFileType</key>
			<string>sourcecode.c.h</string>
			<key>path</key>
			<string>GuardianCommunicator.h</string>
			<key>sourceTree</key>
			<string>&lt;group&gt;</string>
		</dict>
		<key>1C65312A18568BC900CB81BC</key>
		<dict>
			<key>fileEncoding</key>
			<string>4</string>
			<key>isa</key>
			<string>PBXFileReference</string>
			<key>lastKnownFileType</key>
			<string>sourcecode.c.objc</string>
			<key>path</key>
			<string>GuardianCommunicator.m</string>
			<key>sourceTree</key>
			<string>&lt;group&gt;</string>
		</dict>
		<key>1C65312B18568BC900CB81BC</key>
		<dict>
			<key>fileRef</key>
			<string>1C65312A18568BC900CB81BC</string>
			<key>isa</key>
			<string>PBXBuildFile</string>
		</dict>
		<key>1C65312E18568BFB00CB81BC</key>
		<dict>
			<key>fileEncoding</key>
			<string>4</string>
			<key>isa</key>
			<string>PBXFileReference</string>
			<key>lastKnownFileType</key>
			<string>sourcecode.c.h</string>
			<key>path</key>
			<string>GuardianCommuincatorDelegate.h</string>
			<key>sourceTree</key>
			<string>&lt;group&gt;</string>
		</dict>
		<key>1C65312F18568C0500CB81BC</key>
		<dict>
			<key>fileEncoding</key>
			<string>4</string>
			<key>isa</key>
			<string>PBXFileReference</string>
			<key>lastKnownFileType</key>
			<string>sourcecode.c.h</string>
			<key>path</key>
			<string>GuardianManagerDelegate.h</string>
			<key>sourceTree</key>
			<string>&lt;group&gt;</string>
		</dict>
		<key>1CA5E04918522FA300A9FB8C</key>
		<dict>
			<key>children</key>
			<array>
				<string>1CA5E0921852481F00A9FB8C</string>
				<string>1CA5E05B18522FA300A9FB8C</string>
				<string>1CA5E07A18522FA300A9FB8C</string>
				<string>1CA5E05418522FA300A9FB8C</string>
				<string>1CA5E05318522FA300A9FB8C</string>
				<string>16EF04BD47844EC68B3950F3</string>
			</array>
			<key>isa</key>
			<string>PBXGroup</string>
			<key>sourceTree</key>
			<string>&lt;group&gt;</string>
		</dict>
		<key>1CA5E04A18522FA300A9FB8C</key>
		<dict>
			<key>attributes</key>
			<dict>
				<key>LastUpgradeCheck</key>
				<string>0500</string>
				<key>ORGANIZATIONNAME</key>
				<string>Romy Ilano</string>
				<key>TargetAttributes</key>
				<dict>
					<key>1CA5E07218522FA300A9FB8C</key>
					<dict>
						<key>TestTargetID</key>
						<string>1CA5E05118522FA300A9FB8C</string>
					</dict>
				</dict>
			</dict>
			<key>buildConfigurationList</key>
			<string>1CA5E04D18522FA300A9FB8C</string>
			<key>compatibilityVersion</key>
			<string>Xcode 3.2</string>
			<key>developmentRegion</key>
			<string>English</string>
			<key>hasScannedForEncodings</key>
			<string>0</string>
			<key>isa</key>
			<string>PBXProject</string>
			<key>knownRegions</key>
			<array>
				<string>en</string>
				<string>Base</string>
			</array>
			<key>mainGroup</key>
			<string>1CA5E04918522FA300A9FB8C</string>
			<key>productRefGroup</key>
			<string>1CA5E05318522FA300A9FB8C</string>
			<key>projectDirPath</key>
			<string></string>
			<key>projectReferences</key>
			<array/>
			<key>projectRoot</key>
			<string></string>
			<key>targets</key>
			<array>
				<string>1CA5E05118522FA300A9FB8C</string>
				<string>1CA5E07218522FA300A9FB8C</string>
			</array>
		</dict>
		<key>1CA5E04D18522FA300A9FB8C</key>
		<dict>
			<key>buildConfigurations</key>
			<array>
				<string>1CA5E08218522FA300A9FB8C</string>
				<string>1CA5E08318522FA300A9FB8C</string>
			</array>
			<key>defaultConfigurationIsVisible</key>
			<string>0</string>
			<key>defaultConfigurationName</key>
			<string>Release</string>
			<key>isa</key>
			<string>XCConfigurationList</string>
		</dict>
		<key>1CA5E04E18522FA300A9FB8C</key>
		<dict>
			<key>buildActionMask</key>
			<string>2147483647</string>
			<key>files</key>
			<array>
				<string>1CA5E0A3185249CE00A9FB8C</string>
				<string>1CA5E0AB185251D800A9FB8C</string>
				<string>1CA5E0C318526F7100A9FB8C</string>
				<string>1CA5E0B7185266AB00A9FB8C</string>
				<string>1CA5E0AF1852585F00A9FB8C</string>
				<string>1C26621118550814001F982E</string>
				<string>1C65312818568BC100CB81BC</string>
				<string>1CA5E06C18522FA300A9FB8C</string>
				<string>1CA5E0B3185263BD00A9FB8C</string>
				<string>1C65312B18568BC900CB81BC</string>
				<string>1CA5E06618522FA300A9FB8C</string>
				<string>1CA5E06218522FA300A9FB8C</string>
				<string>1CA5E0901852382300A9FB8C</string>
			</array>
			<key>isa</key>
			<string>PBXSourcesBuildPhase</string>
			<key>runOnlyForDeploymentPostprocessing</key>
			<string>0</string>
		</dict>
		<key>1CA5E04F18522FA300A9FB8C</key>
		<dict>
			<key>buildActionMask</key>
			<string>2147483647</string>
			<key>files</key>
			<array>
				<string>1C26621818550884001F982E</string>
				<string>1C2662161855087B001F982E</string>
				<string>1C26621418550871001F982E</string>
				<string>1CA5E05818522FA300A9FB8C</string>
				<string>1CA5E05A18522FA300A9FB8C</string>
				<string>1CA5E05618522FA300A9FB8C</string>
				<string>4E63667FD9AA4649805BAF28</string>
			</array>
			<key>isa</key>
			<string>PBXFrameworksBuildPhase</string>
			<key>runOnlyForDeploymentPostprocessing</key>
			<string>0</string>
		</dict>
		<key>1CA5E05018522FA300A9FB8C</key>
		<dict>
			<key>buildActionMask</key>
			<string>2147483647</string>
			<key>files</key>
			<array>
				<string>1C26620518550463001F982E</string>
				<string>1CA5E06E18522FA300A9FB8C</string>
				<string>1CA5E06018522FA300A9FB8C</string>
				<string>1CA5E09C1852489200A9FB8C</string>
				<string>1C26620B18550463001F982E</string>
				<string>1C26620818550463001F982E</string>
				<string>1C26620918550463001F982E</string>
				<string>1CA5E09A1852489200A9FB8C</string>
				<string>1CA5E0931852481F00A9FB8C</string>
				<string>1CA5E0981852489200A9FB8C</string>
				<string>1C26620418550463001F982E</string>
				<string>1C26620618550463001F982E</string>
				<string>1C26620E18550463001F982E</string>
				<string>1C26620A18550463001F982E</string>
				<string>1CA5E06918522FA300A9FB8C</string>
				<string>1C26620C18550463001F982E</string>
				<string>1C26620718550463001F982E</string>
				<string>1C26620D18550463001F982E</string>
			</array>
			<key>isa</key>
			<string>PBXResourcesBuildPhase</string>
			<key>runOnlyForDeploymentPostprocessing</key>
			<string>0</string>
		</dict>
		<key>1CA5E05118522FA300A9FB8C</key>
		<dict>
			<key>buildConfigurationList</key>
			<string>1CA5E08418522FA300A9FB8C</string>
			<key>buildPhases</key>
			<array>
				<string>18AEA82A40A947E89F3CC7DD</string>
				<string>1CA5E04E18522FA300A9FB8C</string>
				<string>1CA5E04F18522FA300A9FB8C</string>
				<string>1CA5E05018522FA300A9FB8C</string>
				<string>29FC8B56B06A41D49B06C9E3</string>
			</array>
			<key>buildRules</key>
			<array/>
			<key>dependencies</key>
			<array/>
			<key>isa</key>
			<string>PBXNativeTarget</string>
			<key>name</key>
			<string>Guardian Networking Sample</string>
			<key>productName</key>
			<string>Guardian Networking Sample</string>
			<key>productReference</key>
			<string>1CA5E05218522FA300A9FB8C</string>
			<key>productType</key>
			<string>com.apple.product-type.application</string>
		</dict>
		<key>1CA5E05218522FA300A9FB8C</key>
		<dict>
			<key>explicitFileType</key>
			<string>wrapper.application</string>
			<key>includeInIndex</key>
			<string>0</string>
			<key>isa</key>
			<string>PBXFileReference</string>
			<key>path</key>
			<string>Guardian Networking Sample.app</string>
			<key>sourceTree</key>
			<string>BUILT_PRODUCTS_DIR</string>
		</dict>
		<key>1CA5E05318522FA300A9FB8C</key>
		<dict>
			<key>children</key>
			<array>
				<string>1CA5E05218522FA300A9FB8C</string>
				<string>1CA5E07318522FA300A9FB8C</string>
			</array>
			<key>isa</key>
			<string>PBXGroup</string>
			<key>name</key>
			<string>Products</string>
			<key>sourceTree</key>
			<string>&lt;group&gt;</string>
		</dict>
		<key>1CA5E05418522FA300A9FB8C</key>
		<dict>
			<key>children</key>
			<array>
				<string>1C26621718550884001F982E</string>
				<string>1C2662151855087B001F982E</string>
				<string>1C26621318550871001F982E</string>
				<string>1CA5E05518522FA300A9FB8C</string>
				<string>1CA5E05718522FA300A9FB8C</string>
				<string>1CA5E05918522FA300A9FB8C</string>
				<string>1CA5E07418522FA300A9FB8C</string>
				<string>A6862C4033134B529CC5FDAB</string>
			</array>
			<key>isa</key>
			<string>PBXGroup</string>
			<key>name</key>
			<string>Frameworks</string>
			<key>sourceTree</key>
			<string>&lt;group&gt;</string>
		</dict>
		<key>1CA5E05518522FA300A9FB8C</key>
		<dict>
			<key>isa</key>
			<string>PBXFileReference</string>
			<key>lastKnownFileType</key>
			<string>wrapper.framework</string>
			<key>name</key>
			<string>Foundation.framework</string>
			<key>path</key>
			<string>System/Library/Frameworks/Foundation.framework</string>
			<key>sourceTree</key>
			<string>SDKROOT</string>
		</dict>
		<key>1CA5E05618522FA300A9FB8C</key>
		<dict>
			<key>fileRef</key>
			<string>1CA5E05518522FA300A9FB8C</string>
			<key>isa</key>
			<string>PBXBuildFile</string>
		</dict>
		<key>1CA5E05718522FA300A9FB8C</key>
		<dict>
			<key>isa</key>
			<string>PBXFileReference</string>
			<key>lastKnownFileType</key>
			<string>wrapper.framework</string>
			<key>name</key>
			<string>CoreGraphics.framework</string>
			<key>path</key>
			<string>System/Library/Frameworks/CoreGraphics.framework</string>
			<key>sourceTree</key>
			<string>SDKROOT</string>
		</dict>
		<key>1CA5E05818522FA300A9FB8C</key>
		<dict>
			<key>fileRef</key>
			<string>1CA5E05718522FA300A9FB8C</string>
			<key>isa</key>
			<string>PBXBuildFile</string>
		</dict>
		<key>1CA5E05918522FA300A9FB8C</key>
		<dict>
			<key>isa</key>
			<string>PBXFileReference</string>
			<key>lastKnownFileType</key>
			<string>wrapper.framework</string>
			<key>name</key>
			<string>UIKit.framework</string>
			<key>path</key>
			<string>System/Library/Frameworks/UIKit.framework</string>
			<key>sourceTree</key>
			<string>SDKROOT</string>
		</dict>
		<key>1CA5E05A18522FA300A9FB8C</key>
		<dict>
			<key>fileRef</key>
			<string>1CA5E05918522FA300A9FB8C</string>
			<key>isa</key>
			<string>PBXBuildFile</string>
		</dict>
		<key>1CA5E05B18522FA300A9FB8C</key>
		<dict>
			<key>children</key>
			<array>
				<string>1C2662121855082A001F982E</string>
				<string>1CA5E0A0185249BC00A9FB8C</string>
				<string>1CA5E09F185249A000A9FB8C</string>
				<string>1CA5E09E1852499200A9FB8C</string>
				<string>1CA5E0BB18526B7E00A9FB8C</string>
				<string>1CA5E05C18522FA300A9FB8C</string>
			</array>
			<key>isa</key>
			<string>PBXGroup</string>
			<key>path</key>
			<string>Guardian Networking Sample</string>
			<key>sourceTree</key>
			<string>&lt;group&gt;</string>
		</dict>
		<key>1CA5E05C18522FA300A9FB8C</key>
		<dict>
			<key>children</key>
			<array>
				<string>1CA5E05D18522FA300A9FB8C</string>
				<string>1CA5E05E18522FA300A9FB8C</string>
				<string>1CA5E06118522FA300A9FB8C</string>
				<string>1CA5E06318522FA300A9FB8C</string>
			</array>
			<key>isa</key>
			<string>PBXGroup</string>
			<key>name</key>
			<string>Supporting Files</string>
			<key>sourceTree</key>
			<string>&lt;group&gt;</string>
		</dict>
		<key>1CA5E05D18522FA300A9FB8C</key>
		<dict>
			<key>isa</key>
			<string>PBXFileReference</string>
			<key>lastKnownFileType</key>
			<string>text.plist.xml</string>
			<key>path</key>
			<string>Guardian Networking Sample-Info.plist</string>
			<key>sourceTree</key>
			<string>&lt;group&gt;</string>
		</dict>
		<key>1CA5E05E18522FA300A9FB8C</key>
		<dict>
			<key>children</key>
			<array>
				<string>1CA5E05F18522FA300A9FB8C</string>
			</array>
			<key>isa</key>
			<string>PBXVariantGroup</string>
			<key>name</key>
			<string>InfoPlist.strings</string>
			<key>sourceTree</key>
			<string>&lt;group&gt;</string>
		</dict>
		<key>1CA5E05F18522FA300A9FB8C</key>
		<dict>
			<key>isa</key>
			<string>PBXFileReference</string>
			<key>lastKnownFileType</key>
			<string>text.plist.strings</string>
			<key>name</key>
			<string>en</string>
			<key>path</key>
			<string>en.lproj/InfoPlist.strings</string>
			<key>sourceTree</key>
			<string>&lt;group&gt;</string>
		</dict>
		<key>1CA5E06018522FA300A9FB8C</key>
		<dict>
			<key>fileRef</key>
			<string>1CA5E05E18522FA300A9FB8C</string>
			<key>isa</key>
			<string>PBXBuildFile</string>
		</dict>
		<key>1CA5E06118522FA300A9FB8C</key>
		<dict>
			<key>isa</key>
			<string>PBXFileReference</string>
			<key>lastKnownFileType</key>
			<string>sourcecode.c.objc</string>
			<key>path</key>
			<string>main.m</string>
			<key>sourceTree</key>
			<string>&lt;group&gt;</string>
		</dict>
		<key>1CA5E06218522FA300A9FB8C</key>
		<dict>
			<key>fileRef</key>
			<string>1CA5E06118522FA300A9FB8C</string>
			<key>isa</key>
			<string>PBXBuildFile</string>
		</dict>
		<key>1CA5E06318522FA300A9FB8C</key>
		<dict>
			<key>isa</key>
			<string>PBXFileReference</string>
			<key>lastKnownFileType</key>
			<string>sourcecode.c.h</string>
			<key>path</key>
			<string>Guardian Networking Sample-Prefix.pch</string>
			<key>sourceTree</key>
			<string>&lt;group&gt;</string>
		</dict>
		<key>1CA5E06418522FA300A9FB8C</key>
		<dict>
			<key>isa</key>
			<string>PBXFileReference</string>
			<key>lastKnownFileType</key>
			<string>sourcecode.c.h</string>
			<key>path</key>
			<string>AppDelegate.h</string>
			<key>sourceTree</key>
			<string>&lt;group&gt;</string>
		</dict>
		<key>1CA5E06518522FA300A9FB8C</key>
		<dict>
			<key>isa</key>
			<string>PBXFileReference</string>
			<key>lastKnownFileType</key>
			<string>sourcecode.c.objc</string>
			<key>path</key>
			<string>AppDelegate.m</string>
			<key>sourceTree</key>
			<string>&lt;group&gt;</string>
		</dict>
		<key>1CA5E06618522FA300A9FB8C</key>
		<dict>
			<key>fileRef</key>
			<string>1CA5E06518522FA300A9FB8C</string>
			<key>isa</key>
			<string>PBXBuildFile</string>
		</dict>
		<key>1CA5E06718522FA300A9FB8C</key>
		<dict>
			<key>children</key>
			<array>
				<string>1CA5E06818522FA300A9FB8C</string>
			</array>
			<key>isa</key>
			<string>PBXVariantGroup</string>
			<key>name</key>
			<string>Main.storyboard</string>
			<key>sourceTree</key>
			<string>&lt;group&gt;</string>
		</dict>
		<key>1CA5E06818522FA300A9FB8C</key>
		<dict>
			<key>isa</key>
			<string>PBXFileReference</string>
			<key>lastKnownFileType</key>
			<string>file.storyboard</string>
			<key>name</key>
			<string>Base</string>
			<key>path</key>
			<string>Base.lproj/Main.storyboard</string>
			<key>sourceTree</key>
			<string>&lt;group&gt;</string>
		</dict>
		<key>1CA5E06918522FA300A9FB8C</key>
		<dict>
			<key>fileRef</key>
			<string>1CA5E06718522FA300A9FB8C</string>
			<key>isa</key>
			<string>PBXBuildFile</string>
		</dict>
		<key>1CA5E06A18522FA300A9FB8C</key>
		<dict>
			<key>isa</key>
			<string>PBXFileReference</string>
			<key>lastKnownFileType</key>
			<string>sourcecode.c.h</string>
			<key>path</key>
			<string>ViewController.h</string>
			<key>sourceTree</key>
			<string>&lt;group&gt;</string>
		</dict>
		<key>1CA5E06B18522FA300A9FB8C</key>
		<dict>
			<key>isa</key>
			<string>PBXFileReference</string>
			<key>lastKnownFileType</key>
			<string>sourcecode.c.objc</string>
			<key>path</key>
			<string>ViewController.m</string>
			<key>sourceTree</key>
			<string>&lt;group&gt;</string>
		</dict>
		<key>1CA5E06C18522FA300A9FB8C</key>
		<dict>
			<key>fileRef</key>
			<string>1CA5E06B18522FA300A9FB8C</string>
			<key>isa</key>
			<string>PBXBuildFile</string>
		</dict>
		<key>1CA5E06D18522FA300A9FB8C</key>
		<dict>
			<key>isa</key>
			<string>PBXFileReference</string>
			<key>lastKnownFileType</key>
			<string>folder.assetcatalog</string>
			<key>path</key>
			<string>Images.xcassets</string>
			<key>sourceTree</key>
			<string>&lt;group&gt;</string>
		</dict>
		<key>1CA5E06E18522FA300A9FB8C</key>
		<dict>
			<key>fileRef</key>
			<string>1CA5E06D18522FA300A9FB8C</string>
			<key>isa</key>
			<string>PBXBuildFile</string>
		</dict>
		<key>1CA5E06F18522FA300A9FB8C</key>
		<dict>
			<key>buildActionMask</key>
			<string>2147483647</string>
			<key>files</key>
			<array>
				<string>1CA5E08118522FA300A9FB8C</string>
				<string>1CA5E0B01852585F00A9FB8C</string>
				<string>1CA5E0B4185263BD00A9FB8C</string>
				<string>1CA5E0AC185251D800A9FB8C</string>
				<string>1CA5E0911852382300A9FB8C</string>
				<string>1CA5E0A4185249CE00A9FB8C</string>
				<string>1CA5E0C418526F7100A9FB8C</string>
				<string>1CA5E0B8185266AB00A9FB8C</string>
			</array>
			<key>isa</key>
			<string>PBXSourcesBuildPhase</string>
			<key>runOnlyForDeploymentPostprocessing</key>
			<string>0</string>
		</dict>
		<key>1CA5E07018522FA300A9FB8C</key>
		<dict>
			<key>buildActionMask</key>
			<string>2147483647</string>
			<key>files</key>
			<array>
				<string>1CA5E07518522FA300A9FB8C</string>
				<string>1CA5E07718522FA300A9FB8C</string>
				<string>1CA5E07618522FA300A9FB8C</string>
			</array>
			<key>isa</key>
			<string>PBXFrameworksBuildPhase</string>
			<key>runOnlyForDeploymentPostprocessing</key>
			<string>0</string>
		</dict>
		<key>1CA5E07118522FA300A9FB8C</key>
		<dict>
			<key>buildActionMask</key>
			<string>2147483647</string>
			<key>files</key>
			<array>
				<string>1CA5E0941852481F00A9FB8C</string>
				<string>1CA5E09D1852489200A9FB8C</string>
				<string>1CA5E0991852489200A9FB8C</string>
				<string>1CA5E09B1852489200A9FB8C</string>
				<string>1CA5E07F18522FA300A9FB8C</string>
			</array>
			<key>isa</key>
			<string>PBXResourcesBuildPhase</string>
			<key>runOnlyForDeploymentPostprocessing</key>
			<string>0</string>
		</dict>
		<key>1CA5E07218522FA300A9FB8C</key>
		<dict>
			<key>buildConfigurationList</key>
			<string>1CA5E08718522FA300A9FB8C</string>
			<key>buildPhases</key>
			<array>
				<string>1CA5E06F18522FA300A9FB8C</string>
				<string>1CA5E07018522FA300A9FB8C</string>
				<string>1CA5E07118522FA300A9FB8C</string>
			</array>
			<key>buildRules</key>
			<array/>
			<key>dependencies</key>
			<array>
				<string>1CA5E07918522FA300A9FB8C</string>
			</array>
			<key>isa</key>
			<string>PBXNativeTarget</string>
			<key>name</key>
			<string>Guardian Networking SampleTests</string>
			<key>productName</key>
			<string>Guardian Networking SampleTests</string>
			<key>productReference</key>
			<string>1CA5E07318522FA300A9FB8C</string>
			<key>productType</key>
			<string>com.apple.product-type.bundle.unit-test</string>
		</dict>
		<key>1CA5E07318522FA300A9FB8C</key>
		<dict>
			<key>explicitFileType</key>
			<string>wrapper.cfbundle</string>
			<key>includeInIndex</key>
			<string>0</string>
			<key>isa</key>
			<string>PBXFileReference</string>
			<key>path</key>
			<string>Guardian Networking SampleTests.xctest</string>
			<key>sourceTree</key>
			<string>BUILT_PRODUCTS_DIR</string>
		</dict>
		<key>1CA5E07418522FA300A9FB8C</key>
		<dict>
			<key>isa</key>
			<string>PBXFileReference</string>
			<key>lastKnownFileType</key>
			<string>wrapper.framework</string>
			<key>name</key>
			<string>XCTest.framework</string>
			<key>path</key>
			<string>Library/Frameworks/XCTest.framework</string>
			<key>sourceTree</key>
			<string>DEVELOPER_DIR</string>
		</dict>
		<key>1CA5E07518522FA300A9FB8C</key>
		<dict>
			<key>fileRef</key>
			<string>1CA5E07418522FA300A9FB8C</string>
			<key>isa</key>
			<string>PBXBuildFile</string>
		</dict>
		<key>1CA5E07618522FA300A9FB8C</key>
		<dict>
			<key>fileRef</key>
			<string>1CA5E05518522FA300A9FB8C</string>
			<key>isa</key>
			<string>PBXBuildFile</string>
		</dict>
		<key>1CA5E07718522FA300A9FB8C</key>
		<dict>
			<key>fileRef</key>
			<string>1CA5E05918522FA300A9FB8C</string>
			<key>isa</key>
			<string>PBXBuildFile</string>
		</dict>
		<key>1CA5E07818522FA300A9FB8C</key>
		<dict>
			<key>containerPortal</key>
			<string>1CA5E04A18522FA300A9FB8C</string>
			<key>isa</key>
			<string>PBXContainerItemProxy</string>
			<key>proxyType</key>
			<string>1</string>
			<key>remoteGlobalIDString</key>
			<string>1CA5E05118522FA300A9FB8C</string>
			<key>remoteInfo</key>
			<string>Guardian Networking Sample</string>
		</dict>
		<key>1CA5E07918522FA300A9FB8C</key>
		<dict>
			<key>isa</key>
			<string>PBXTargetDependency</string>
			<key>target</key>
			<string>1CA5E05118522FA300A9FB8C</string>
			<key>targetProxy</key>
			<string>1CA5E07818522FA300A9FB8C</string>
		</dict>
		<key>1CA5E07A18522FA300A9FB8C</key>
		<dict>
			<key>children</key>
			<array>
				<string>1CA5E08018522FA300A9FB8C</string>
				<string>1CA5E07B18522FA300A9FB8C</string>
			</array>
			<key>isa</key>
			<string>PBXGroup</string>
			<key>path</key>
			<string>Guardian Networking SampleTests</string>
			<key>sourceTree</key>
			<string>&lt;group&gt;</string>
		</dict>
		<key>1CA5E07B18522FA300A9FB8C</key>
		<dict>
			<key>children</key>
			<array>
				<string>1CA5E07C18522FA300A9FB8C</string>
				<string>1CA5E07D18522FA300A9FB8C</string>
			</array>
			<key>isa</key>
			<string>PBXGroup</string>
			<key>name</key>
			<string>Supporting Files</string>
			<key>sourceTree</key>
			<string>&lt;group&gt;</string>
		</dict>
		<key>1CA5E07C18522FA300A9FB8C</key>
		<dict>
			<key>isa</key>
			<string>PBXFileReference</string>
			<key>lastKnownFileType</key>
			<string>text.plist.xml</string>
			<key>path</key>
			<string>Guardian Networking SampleTests-Info.plist</string>
			<key>sourceTree</key>
			<string>&lt;group&gt;</string>
		</dict>
		<key>1CA5E07D18522FA300A9FB8C</key>
		<dict>
			<key>children</key>
			<array>
				<string>1CA5E07E18522FA300A9FB8C</string>
			</array>
			<key>isa</key>
			<string>PBXVariantGroup</string>
			<key>name</key>
			<string>InfoPlist.strings</string>
			<key>sourceTree</key>
			<string>&lt;group&gt;</string>
		</dict>
		<key>1CA5E07E18522FA300A9FB8C</key>
		<dict>
			<key>isa</key>
			<string>PBXFileReference</string>
			<key>lastKnownFileType</key>
			<string>text.plist.strings</string>
			<key>name</key>
			<string>en</string>
			<key>path</key>
			<string>en.lproj/InfoPlist.strings</string>
			<key>sourceTree</key>
			<string>&lt;group&gt;</string>
		</dict>
		<key>1CA5E07F18522FA300A9FB8C</key>
		<dict>
			<key>fileRef</key>
			<string>1CA5E07D18522FA300A9FB8C</string>
			<key>isa</key>
			<string>PBXBuildFile</string>
		</dict>
		<key>1CA5E08018522FA300A9FB8C</key>
		<dict>
			<key>isa</key>
			<string>PBXFileReference</string>
			<key>lastKnownFileType</key>
			<string>sourcecode.c.objc</string>
			<key>path</key>
			<string>Guardian_Networking_SampleTests.m</string>
			<key>sourceTree</key>
			<string>&lt;group&gt;</string>
		</dict>
		<key>1CA5E08118522FA300A9FB8C</key>
		<dict>
			<key>fileRef</key>
			<string>1CA5E08018522FA300A9FB8C</string>
			<key>isa</key>
			<string>PBXBuildFile</string>
		</dict>
		<key>1CA5E08218522FA300A9FB8C</key>
		<dict>
			<key>buildSettings</key>
			<dict>
				<key>ALWAYS_SEARCH_USER_PATHS</key>
				<string>NO</string>
				<key>ARCHS</key>
				<string>$(ARCHS_STANDARD_INCLUDING_64_BIT)</string>
				<key>CLANG_CXX_LANGUAGE_STANDARD</key>
				<string>gnu++0x</string>
				<key>CLANG_CXX_LIBRARY</key>
				<string>libc++</string>
				<key>CLANG_ENABLE_MODULES</key>
				<string>YES</string>
				<key>CLANG_ENABLE_OBJC_ARC</key>
				<string>YES</string>
				<key>CLANG_WARN_BOOL_CONVERSION</key>
				<string>YES</string>
				<key>CLANG_WARN_CONSTANT_CONVERSION</key>
				<string>YES</string>
				<key>CLANG_WARN_DIRECT_OBJC_ISA_USAGE</key>
				<string>YES_ERROR</string>
				<key>CLANG_WARN_EMPTY_BODY</key>
				<string>YES</string>
				<key>CLANG_WARN_ENUM_CONVERSION</key>
				<string>YES</string>
				<key>CLANG_WARN_INT_CONVERSION</key>
				<string>YES</string>
				<key>CLANG_WARN_OBJC_ROOT_CLASS</key>
				<string>YES_ERROR</string>
				<key>CLANG_WARN__DUPLICATE_METHOD_MATCH</key>
				<string>YES</string>
				<key>CODE_SIGN_IDENTITY[sdk=iphoneos*]</key>
				<string>iPhone Developer</string>
				<key>COPY_PHASE_STRIP</key>
				<string>NO</string>
				<key>GCC_C_LANGUAGE_STANDARD</key>
				<string>gnu99</string>
				<key>GCC_DYNAMIC_NO_PIC</key>
				<string>NO</string>
				<key>GCC_OPTIMIZATION_LEVEL</key>
				<string>0</string>
				<key>GCC_PREPROCESSOR_DEFINITIONS</key>
				<array>
					<string>DEBUG=1</string>
					<string>$(inherited)</string>
				</array>
				<key>GCC_SYMBOLS_PRIVATE_EXTERN</key>
				<string>NO</string>
				<key>GCC_WARN_64_TO_32_BIT_CONVERSION</key>
				<string>YES</string>
				<key>GCC_WARN_ABOUT_RETURN_TYPE</key>
				<string>YES_ERROR</string>
				<key>GCC_WARN_UNDECLARED_SELECTOR</key>
				<string>YES</string>
				<key>GCC_WARN_UNINITIALIZED_AUTOS</key>
				<string>YES</string>
				<key>GCC_WARN_UNUSED_FUNCTION</key>
				<string>YES</string>
				<key>GCC_WARN_UNUSED_VARIABLE</key>
				<string>YES</string>
				<key>IPHONEOS_DEPLOYMENT_TARGET</key>
				<string>7.0</string>
				<key>ONLY_ACTIVE_ARCH</key>
				<string>YES</string>
				<key>SDKROOT</key>
				<string>iphoneos</string>
			</dict>
			<key>isa</key>
			<string>XCBuildConfiguration</string>
			<key>name</key>
			<string>Debug</string>
		</dict>
		<key>1CA5E08318522FA300A9FB8C</key>
		<dict>
			<key>buildSettings</key>
			<dict>
				<key>ALWAYS_SEARCH_USER_PATHS</key>
				<string>NO</string>
				<key>ARCHS</key>
				<string>$(ARCHS_STANDARD_INCLUDING_64_BIT)</string>
				<key>CLANG_CXX_LANGUAGE_STANDARD</key>
				<string>gnu++0x</string>
				<key>CLANG_CXX_LIBRARY</key>
				<string>libc++</string>
				<key>CLANG_ENABLE_MODULES</key>
				<string>YES</string>
				<key>CLANG_ENABLE_OBJC_ARC</key>
				<string>YES</string>
				<key>CLANG_WARN_BOOL_CONVERSION</key>
				<string>YES</string>
				<key>CLANG_WARN_CONSTANT_CONVERSION</key>
				<string>YES</string>
				<key>CLANG_WARN_DIRECT_OBJC_ISA_USAGE</key>
				<string>YES_ERROR</string>
				<key>CLANG_WARN_EMPTY_BODY</key>
				<string>YES</string>
				<key>CLANG_WARN_ENUM_CONVERSION</key>
				<string>YES</string>
				<key>CLANG_WARN_INT_CONVERSION</key>
				<string>YES</string>
				<key>CLANG_WARN_OBJC_ROOT_CLASS</key>
				<string>YES_ERROR</string>
				<key>CLANG_WARN__DUPLICATE_METHOD_MATCH</key>
				<string>YES</string>
				<key>CODE_SIGN_IDENTITY[sdk=iphoneos*]</key>
				<string>iPhone Developer</string>
				<key>COPY_PHASE_STRIP</key>
				<string>YES</string>
				<key>ENABLE_NS_ASSERTIONS</key>
				<string>NO</string>
				<key>GCC_C_LANGUAGE_STANDARD</key>
				<string>gnu99</string>
				<key>GCC_WARN_64_TO_32_BIT_CONVERSION</key>
				<string>YES</string>
				<key>GCC_WARN_ABOUT_RETURN_TYPE</key>
				<string>YES_ERROR</string>
				<key>GCC_WARN_UNDECLARED_SELECTOR</key>
				<string>YES</string>
				<key>GCC_WARN_UNINITIALIZED_AUTOS</key>
				<string>YES</string>
				<key>GCC_WARN_UNUSED_FUNCTION</key>
				<string>YES</string>
				<key>GCC_WARN_UNUSED_VARIABLE</key>
				<string>YES</string>
				<key>IPHONEOS_DEPLOYMENT_TARGET</key>
				<string>7.0</string>
				<key>SDKROOT</key>
				<string>iphoneos</string>
				<key>VALIDATE_PRODUCT</key>
				<string>YES</string>
			</dict>
			<key>isa</key>
			<string>XCBuildConfiguration</string>
			<key>name</key>
			<string>Release</string>
		</dict>
		<key>1CA5E08418522FA300A9FB8C</key>
		<dict>
			<key>buildConfigurations</key>
			<array>
				<string>1CA5E08518522FA300A9FB8C</string>
				<string>1CA5E08618522FA300A9FB8C</string>
			</array>
			<key>defaultConfigurationIsVisible</key>
			<string>0</string>
			<key>defaultConfigurationName</key>
			<string>Release</string>
			<key>isa</key>
			<string>XCConfigurationList</string>
		</dict>
		<key>1CA5E08518522FA300A9FB8C</key>
		<dict>
			<key>baseConfigurationReference</key>
			<string>16EF04BD47844EC68B3950F3</string>
			<key>buildSettings</key>
			<dict>
				<key>ASSETCATALOG_COMPILER_APPICON_NAME</key>
				<string>AppIcon</string>
				<key>ASSETCATALOG_COMPILER_LAUNCHIMAGE_NAME</key>
				<string>LaunchImage</string>
				<key>GCC_PRECOMPILE_PREFIX_HEADER</key>
				<string>YES</string>
				<key>GCC_PREFIX_HEADER</key>
				<string>Guardian Networking Sample/Guardian Networking Sample-Prefix.pch</string>
				<key>INFOPLIST_FILE</key>
				<string>Guardian Networking Sample/Guardian Networking Sample-Info.plist</string>
				<key>PRODUCT_NAME</key>
				<string>$(TARGET_NAME)</string>
				<key>WRAPPER_EXTENSION</key>
				<string>app</string>
			</dict>
			<key>isa</key>
			<string>XCBuildConfiguration</string>
			<key>name</key>
			<string>Debug</string>
		</dict>
		<key>1CA5E08618522FA300A9FB8C</key>
		<dict>
			<key>baseConfigurationReference</key>
			<string>16EF04BD47844EC68B3950F3</string>
			<key>buildSettings</key>
			<dict>
				<key>ASSETCATALOG_COMPILER_APPICON_NAME</key>
				<string>AppIcon</string>
				<key>ASSETCATALOG_COMPILER_LAUNCHIMAGE_NAME</key>
				<string>LaunchImage</string>
				<key>GCC_PRECOMPILE_PREFIX_HEADER</key>
				<string>YES</string>
				<key>GCC_PREFIX_HEADER</key>
				<string>Guardian Networking Sample/Guardian Networking Sample-Prefix.pch</string>
				<key>INFOPLIST_FILE</key>
				<string>Guardian Networking Sample/Guardian Networking Sample-Info.plist</string>
				<key>PRODUCT_NAME</key>
				<string>$(TARGET_NAME)</string>
				<key>WRAPPER_EXTENSION</key>
				<string>app</string>
			</dict>
			<key>isa</key>
			<string>XCBuildConfiguration</string>
			<key>name</key>
			<string>Release</string>
		</dict>
		<key>1CA5E08718522FA300A9FB8C</key>
		<dict>
			<key>buildConfigurations</key>
			<array>
				<string>1CA5E08818522FA300A9FB8C</string>
				<string>1CA5E08918522FA300A9FB8C</string>
			</array>
			<key>defaultConfigurationIsVisible</key>
			<string>0</string>
			<key>defaultConfigurationName</key>
			<string>Release</string>
			<key>isa</key>
			<string>XCConfigurationList</string>
		</dict>
		<key>1CA5E08818522FA300A9FB8C</key>
		<dict>
			<key>buildSettings</key>
			<dict>
				<key>ARCHS</key>
				<string>$(ARCHS_STANDARD_INCLUDING_64_BIT)</string>
				<key>BUNDLE_LOADER</key>
				<string>$(BUILT_PRODUCTS_DIR)/Guardian Networking Sample.app/Guardian Networking Sample</string>
				<key>FRAMEWORK_SEARCH_PATHS</key>
				<array>
					<string>$(SDKROOT)/Developer/Library/Frameworks</string>
					<string>$(inherited)</string>
					<string>$(DEVELOPER_FRAMEWORKS_DIR)</string>
				</array>
				<key>GCC_PRECOMPILE_PREFIX_HEADER</key>
				<string>YES</string>
				<key>GCC_PREFIX_HEADER</key>
				<string>Guardian Networking Sample/Guardian Networking Sample-Prefix.pch</string>
				<key>GCC_PREPROCESSOR_DEFINITIONS</key>
				<array>
					<string>DEBUG=1</string>
					<string>$(inherited)</string>
				</array>
				<key>INFOPLIST_FILE</key>
				<string>Guardian Networking SampleTests/Guardian Networking SampleTests-Info.plist</string>
				<key>PRODUCT_NAME</key>
				<string>$(TARGET_NAME)</string>
				<key>TEST_HOST</key>
				<string>$(BUNDLE_LOADER)</string>
				<key>WRAPPER_EXTENSION</key>
				<string>xctest</string>
			</dict>
			<key>isa</key>
			<string>XCBuildConfiguration</string>
			<key>name</key>
			<string>Debug</string>
		</dict>
		<key>1CA5E08918522FA300A9FB8C</key>
		<dict>
			<key>buildSettings</key>
			<dict>
				<key>ARCHS</key>
				<string>$(ARCHS_STANDARD_INCLUDING_64_BIT)</string>
				<key>BUNDLE_LOADER</key>
				<string>$(BUILT_PRODUCTS_DIR)/Guardian Networking Sample.app/Guardian Networking Sample</string>
				<key>FRAMEWORK_SEARCH_PATHS</key>
				<array>
					<string>$(SDKROOT)/Developer/Library/Frameworks</string>
					<string>$(inherited)</string>
					<string>$(DEVELOPER_FRAMEWORKS_DIR)</string>
				</array>
				<key>GCC_PRECOMPILE_PREFIX_HEADER</key>
				<string>YES</string>
				<key>GCC_PREFIX_HEADER</key>
				<string>Guardian Networking Sample/Guardian Networking Sample-Prefix.pch</string>
				<key>INFOPLIST_FILE</key>
				<string>Guardian Networking SampleTests/Guardian Networking SampleTests-Info.plist</string>
				<key>PRODUCT_NAME</key>
				<string>$(TARGET_NAME)</string>
				<key>TEST_HOST</key>
				<string>$(BUNDLE_LOADER)</string>
				<key>WRAPPER_EXTENSION</key>
				<string>xctest</string>
			</dict>
			<key>isa</key>
			<string>XCBuildConfiguration</string>
			<key>name</key>
			<string>Release</string>
		</dict>
		<key>1CA5E08A18522FF600A9FB8C</key>
		<dict>
			<key>fileEncoding</key>
			<string>4</string>
			<key>isa</key>
			<string>PBXFileReference</string>
			<key>lastKnownFileType</key>
			<string>sourcecode.c.h</string>
			<key>path</key>
			<string>Constants.h</string>
			<key>sourceTree</key>
			<string>&lt;group&gt;</string>
		</dict>
		<key>1CA5E08E1852382300A9FB8C</key>
		<dict>
			<key>fileEncoding</key>
			<string>4</string>
			<key>isa</key>
			<string>PBXFileReference</string>
			<key>lastKnownFileType</key>
			<string>sourcecode.c.h</string>
			<key>name</key>
			<string>GuardianAPIHelper.h</string>
			<key>path</key>
			<string>Guardian Networking Sample/GuardianAPIHelper.h</string>
			<key>sourceTree</key>
			<string>&lt;group&gt;</string>
		</dict>
		<key>1CA5E08F1852382300A9FB8C</key>
		<dict>
			<key>fileEncoding</key>
			<string>4</string>
			<key>isa</key>
			<string>PBXFileReference</string>
			<key>lastKnownFileType</key>
			<string>sourcecode.c.objc</string>
			<key>name</key>
			<string>GuardianAPIHelper.m</string>
			<key>path</key>
			<string>Guardian Networking Sample/GuardianAPIHelper.m</string>
			<key>sourceTree</key>
			<string>&lt;group&gt;</string>
		</dict>
		<key>1CA5E0901852382300A9FB8C</key>
		<dict>
			<key>fileRef</key>
			<string>1CA5E08F1852382300A9FB8C</string>
			<key>isa</key>
			<string>PBXBuildFile</string>
		</dict>
		<key>1CA5E0911852382300A9FB8C</key>
		<dict>
			<key>fileRef</key>
			<string>1CA5E08F1852382300A9FB8C</string>
			<key>isa</key>
			<string>PBXBuildFile</string>
		</dict>
		<key>1CA5E0921852481F00A9FB8C</key>
		<dict>
			<key>fileEncoding</key>
			<string>4</string>
			<key>isa</key>
			<string>PBXFileReference</string>
			<key>lastKnownFileType</key>
			<string>text</string>
			<key>path</key>
			<string>README.md</string>
			<key>sourceTree</key>
			<string>&lt;group&gt;</string>
		</dict>
		<key>1CA5E0931852481F00A9FB8C</key>
		<dict>
			<key>fileRef</key>
			<string>1CA5E0921852481F00A9FB8C</string>
			<key>isa</key>
			<string>PBXBuildFile</string>
		</dict>
		<key>1CA5E0941852481F00A9FB8C</key>
		<dict>
			<key>fileRef</key>
			<string>1CA5E0921852481F00A9FB8C</string>
			<key>isa</key>
			<string>PBXBuildFile</string>
		</dict>
		<key>1CA5E0951852489200A9FB8C</key>
		<dict>
			<key>isa</key>
			<string>PBXFileReference</string>
			<key>lastKnownFileType</key>
			<string>image.png</string>
			<key>path</key>
			<string>iphoneApp-ios7@2x.png</string>
			<key>sourceTree</key>
			<string>&lt;group&gt;</string>
		</dict>
		<key>1CA5E0961852489200A9FB8C</key>
		<dict>
			<key>isa</key>
			<string>PBXFileReference</string>
			<key>lastKnownFileType</key>
			<string>image.png</string>
			<key>path</key>
			<string>iphone-spotlight@2x.png</string>
			<key>sourceTree</key>
			<string>&lt;group&gt;</string>
		</dict>
		<key>1CA5E0971852489200A9FB8C</key>
		<dict>
			<key>isa</key>
			<string>PBXFileReference</string>
			<key>lastKnownFileType</key>
			<string>image.png</string>
			<key>path</key>
			<string>iphone-settings@2x.png</string>
			<key>sourceTree</key>
			<string>&lt;group&gt;</string>
		</dict>
		<key>1CA5E0981852489200A9FB8C</key>
		<dict>
			<key>fileRef</key>
			<string>1CA5E0951852489200A9FB8C</string>
			<key>isa</key>
			<string>PBXBuildFile</string>
		</dict>
		<key>1CA5E0991852489200A9FB8C</key>
		<dict>
			<key>fileRef</key>
			<string>1CA5E0951852489200A9FB8C</string>
			<key>isa</key>
			<string>PBXBuildFile</string>
		</dict>
		<key>1CA5E09A1852489200A9FB8C</key>
		<dict>
			<key>fileRef</key>
			<string>1CA5E0961852489200A9FB8C</string>
			<key>isa</key>
			<string>PBXBuildFile</string>
		</dict>
		<key>1CA5E09B1852489200A9FB8C</key>
		<dict>
			<key>fileRef</key>
			<string>1CA5E0961852489200A9FB8C</string>
			<key>isa</key>
			<string>PBXBuildFile</string>
		</dict>
		<key>1CA5E09C1852489200A9FB8C</key>
		<dict>
			<key>fileRef</key>
			<string>1CA5E0971852489200A9FB8C</string>
			<key>isa</key>
			<string>PBXBuildFile</string>
		</dict>
		<key>1CA5E09D1852489200A9FB8C</key>
		<dict>
			<key>fileRef</key>
			<string>1CA5E0971852489200A9FB8C</string>
			<key>isa</key>
			<string>PBXBuildFile</string>
		</dict>
		<key>1CA5E09E1852499200A9FB8C</key>
		<dict>
			<key>children</key>
			<array>
				<string>1C2661F718550437001F982E</string>
				<string>1CA5E06D18522FA300A9FB8C</string>
				<string>1C2661F818550451001F982E</string>
			</array>
			<key>isa</key>
			<string>PBXGroup</string>
			<key>name</key>
			<string>= Graphics</string>
			<key>sourceTree</key>
			<string>&lt;group&gt;</string>
		</dict>
		<key>1CA5E09F185249A000A9FB8C</key>
		<dict>
			<key>children</key>
			<array>
				<string>1CA5E06418522FA300A9FB8C</string>
				<string>1CA5E06518522FA300A9FB8C</string>
				<string>1CA5E06718522FA300A9FB8C</string>
				<string>1CA5E0BC18526F2700A9FB8C</string>
				<string>1CA5E0BA18526B7100A9FB8C</string>
				<string>1CA5E0B918526B4D00A9FB8C</string>
			</array>
			<key>isa</key>
			<string>PBXGroup</string>
			<key>name</key>
			<string>= GUI</string>
			<key>sourceTree</key>
			<string>&lt;group&gt;</string>
		</dict>
		<key>1CA5E0A0185249BC00A9FB8C</key>
		<dict>
			<key>children</key>
			<array>
				<string>1CA5E0A1185249CE00A9FB8C</string>
				<string>1CA5E0A2185249CE00A9FB8C</string>
				<string>1CA5E0AD1852585F00A9FB8C</string>
				<string>1CA5E0AE1852585F00A9FB8C</string>
			</array>
			<key>isa</key>
			<string>PBXGroup</string>
			<key>name</key>
			<string> = Model + More</string>
			<key>sourceTree</key>
			<string>&lt;group&gt;</string>
		</dict>
		<key>1CA5E0A1185249CE00A9FB8C</key>
		<dict>
			<key>fileEncoding</key>
			<string>4</string>
			<key>isa</key>
			<string>PBXFileReference</string>
			<key>lastKnownFileType</key>
			<string>sourcecode.c.h</string>
			<key>name</key>
			<string>Article.h</string>
			<key>path</key>
			<string>Models/Article.h</string>
			<key>sourceTree</key>
			<string>&lt;group&gt;</string>
		</dict>
		<key>1CA5E0A2185249CE00A9FB8C</key>
		<dict>
			<key>fileEncoding</key>
			<string>4</string>
			<key>isa</key>
			<string>PBXFileReference</string>
			<key>lastKnownFileType</key>
			<string>sourcecode.c.objc</string>
			<key>name</key>
			<string>Article.m</string>
			<key>path</key>
			<string>Models/Article.m</string>
			<key>sourceTree</key>
			<string>&lt;group&gt;</string>
		</dict>
		<key>1CA5E0A3185249CE00A9FB8C</key>
		<dict>
			<key>fileRef</key>
			<string>1CA5E0A2185249CE00A9FB8C</string>
			<key>isa</key>
			<string>PBXBuildFile</string>
		</dict>
		<key>1CA5E0A4185249CE00A9FB8C</key>
		<dict>
			<key>fileRef</key>
			<string>1CA5E0A2185249CE00A9FB8C</string>
			<key>isa</key>
			<string>PBXBuildFile</string>
		</dict>
		<key>1CA5E0A9185251D800A9FB8C</key>
		<dict>
			<key>fileEncoding</key>
			<string>4</string>
			<key>isa</key>
			<string>PBXFileReference</string>
			<key>lastKnownFileType</key>
			<string>sourcecode.c.h</string>
			<key>path</key>
			<string>ArticlesViewController.h</string>
			<key>sourceTree</key>
			<string>&lt;group&gt;</string>
		</dict>
		<key>1CA5E0AA185251D800A9FB8C</key>
		<dict>
			<key>fileEncoding</key>
			<string>4</string>
			<key>isa</key>
			<string>PBXFileReference</string>
			<key>lastKnownFileType</key>
			<string>sourcecode.c.objc</string>
			<key>path</key>
			<string>ArticlesViewController.m</string>
			<key>sourceTree</key>
			<string>&lt;group&gt;</string>
		</dict>
		<key>1CA5E0AB185251D800A9FB8C</key>
		<dict>
			<key>fileRef</key>
			<string>1CA5E0AA185251D800A9FB8C</string>
			<key>isa</key>
			<string>PBXBuildFile</string>
		</dict>
		<key>1CA5E0AC185251D800A9FB8C</key>
		<dict>
			<key>fileRef</key>
			<string>1CA5E0AA185251D800A9FB8C</string>
			<key>isa</key>
			<string>PBXBuildFile</string>
		</dict>
		<key>1CA5E0AD1852585F00A9FB8C</key>
		<dict>
			<key>fileEncoding</key>
			<string>4</string>
			<key>isa</key>
			<string>PBXFileReference</string>
			<key>lastKnownFileType</key>
			<string>sourcecode.c.h</string>
			<key>path</key>
			<string>ArticleBuilder.h</string>
			<key>sourceTree</key>
			<string>&lt;group&gt;</string>
		</dict>
		<key>1CA5E0AE1852585F00A9FB8C</key>
		<dict>
			<key>fileEncoding</key>
			<string>4</string>
			<key>isa</key>
			<string>PBXFileReference</string>
			<key>lastKnownFileType</key>
			<string>sourcecode.c.objc</string>
			<key>path</key>
			<string>ArticleBuilder.m</string>
			<key>sourceTree</key>
			<string>&lt;group&gt;</string>
		</dict>
		<key>1CA5E0AF1852585F00A9FB8C</key>
		<dict>
			<key>fileRef</key>
			<string>1CA5E0AE1852585F00A9FB8C</string>
			<key>isa</key>
			<string>PBXBuildFile</string>
		</dict>
		<key>1CA5E0B01852585F00A9FB8C</key>
		<dict>
			<key>fileRef</key>
			<string>1CA5E0AE1852585F00A9FB8C</string>
			<key>isa</key>
			<string>PBXBuildFile</string>
		</dict>
		<key>1CA5E0B1185263BD00A9FB8C</key>
		<dict>
			<key>fileEncoding</key>
			<string>4</string>
			<key>isa</key>
			<string>PBXFileReference</string>
			<key>lastKnownFileType</key>
			<string>sourcecode.c.h</string>
			<key>path</key>
			<string>ArticleCell.h</string>
			<key>sourceTree</key>
			<string>&lt;group&gt;</string>
		</dict>
		<key>1CA5E0B2185263BD00A9FB8C</key>
		<dict>
			<key>fileEncoding</key>
			<string>4</string>
			<key>isa</key>
			<string>PBXFileReference</string>
			<key>lastKnownFileType</key>
			<string>sourcecode.c.objc</string>
			<key>path</key>
			<string>ArticleCell.m</string>
			<key>sourceTree</key>
			<string>&lt;group&gt;</string>
		</dict>
		<key>1CA5E0B3185263BD00A9FB8C</key>
		<dict>
			<key>fileRef</key>
			<string>1CA5E0B2185263BD00A9FB8C</string>
			<key>isa</key>
			<string>PBXBuildFile</string>
		</dict>
		<key>1CA5E0B4185263BD00A9FB8C</key>
		<dict>
			<key>fileRef</key>
			<string>1CA5E0B2185263BD00A9FB8C</string>
			<key>isa</key>
			<string>PBXBuildFile</string>
		</dict>
		<key>1CA5E0B5185266AB00A9FB8C</key>
		<dict>
			<key>fileEncoding</key>
			<string>4</string>
			<key>isa</key>
			<string>PBXFileReference</string>
			<key>lastKnownFileType</key>
			<string>sourcecode.c.h</string>
			<key>path</key>
			<string>DetailViewController.h</string>
			<key>sourceTree</key>
			<string>&lt;group&gt;</string>
		</dict>
		<key>1CA5E0B6185266AB00A9FB8C</key>
		<dict>
			<key>fileEncoding</key>
			<string>4</string>
			<key>isa</key>
			<string>PBXFileReference</string>
			<key>lastKnownFileType</key>
			<string>sourcecode.c.objc</string>
			<key>path</key>
			<string>DetailViewController.m</string>
			<key>sourceTree</key>
			<string>&lt;group&gt;</string>
		</dict>
		<key>1CA5E0B7185266AB00A9FB8C</key>
		<dict>
			<key>fileRef</key>
			<string>1CA5E0B6185266AB00A9FB8C</string>
			<key>isa</key>
			<string>PBXBuildFile</string>
		</dict>
		<key>1CA5E0B8185266AB00A9FB8C</key>
		<dict>
			<key>fileRef</key>
			<string>1CA5E0B6185266AB00A9FB8C</string>
			<key>isa</key>
			<string>PBXBuildFile</string>
		</dict>
		<key>1CA5E0B918526B4D00A9FB8C</key>
		<dict>
			<key>children</key>
			<array>
				<string>1CA5E0A9185251D800A9FB8C</string>
				<string>1CA5E0AA185251D800A9FB8C</string>
				<string>1CA5E0B1185263BD00A9FB8C</string>
				<string>1CA5E0B2185263BD00A9FB8C</string>
				<string>1CA5E0B5185266AB00A9FB8C</string>
				<string>1CA5E0B6185266AB00A9FB8C</string>
			</array>
			<key>isa</key>
			<string>PBXGroup</string>
			<key>name</key>
			<string>= 10 Latest Articles</string>
			<key>sourceTree</key>
			<string>&lt;group&gt;</string>
		</dict>
		<key>1CA5E0BA18526B7100A9FB8C</key>
		<dict>
			<key>children</key>
			<array>
				<string>1CA5E06A18522FA300A9FB8C</string>
				<string>1CA5E06B18522FA300A9FB8C</string>
			</array>
			<key>isa</key>
			<string>PBXGroup</string>
			<key>name</key>
			<string>= Basic Latest Article</string>
			<key>sourceTree</key>
			<string>&lt;group&gt;</string>
		</dict>
		<key>1CA5E0BB18526B7E00A9FB8C</key>
		<dict>
			<key>children</key>
			<array>
				<string>1CA5E08A18522FF600A9FB8C</string>
				<string>1CA5E08E1852382300A9FB8C</string>
				<string>1CA5E08F1852382300A9FB8C</string>
			</array>
			<key>isa</key>
			<string>PBXGroup</string>
			<key>name</key>
			<string>=Reference</string>
			<key>path</key>
			<string>..</string>
			<key>sourceTree</key>
			<string>&lt;group&gt;</string>
		</dict>
		<key>1CA5E0BC18526F2700A9FB8C</key>
		<dict>
			<key>children</key>
			<array>
				<string>1CA5E0C118526F7100A9FB8C</string>
				<string>1CA5E0C218526F7100A9FB8C</string>
				<string>1C26620F18550814001F982E</string>
				<string>1C26621018550814001F982E</string>
			</array>
			<key>isa</key>
			<string>PBXGroup</string>
			<key>name</key>
			<string>= User Search</string>
			<key>sourceTree</key>
			<string>&lt;group&gt;</string>
		</dict>
		<key>1CA5E0C118526F7100A9FB8C</key>
		<dict>
			<key>fileEncoding</key>
			<string>4</string>
			<key>isa</key>
			<string>PBXFileReference</string>
			<key>lastKnownFileType</key>
			<string>sourcecode.c.h</string>
			<key>path</key>
			<string>SearchViewController.h</string>
			<key>sourceTree</key>
			<string>&lt;group&gt;</string>
		</dict>
		<key>1CA5E0C218526F7100A9FB8C</key>
		<dict>
			<key>fileEncoding</key>
			<string>4</string>
			<key>isa</key>
			<string>PBXFileReference</string>
			<key>lastKnownFileType</key>
			<string>sourcecode.c.objc</string>
			<key>path</key>
			<string>SearchViewController.m</string>
			<key>sourceTree</key>
			<string>&lt;group&gt;</string>
		</dict>
		<key>1CA5E0C318526F7100A9FB8C</key>
		<dict>
			<key>fileRef</key>
			<string>1CA5E0C218526F7100A9FB8C</string>
			<key>isa</key>
			<string>PBXBuildFile</string>
		</dict>
		<key>1CA5E0C418526F7100A9FB8C</key>
		<dict>
			<key>fileRef</key>
			<string>1CA5E0C218526F7100A9FB8C</string>
			<key>isa</key>
			<string>PBXBuildFile</string>
		</dict>
		<key>29FC8B56B06A41D49B06C9E3</key>
		<dict>
			<key>buildActionMask</key>
			<string>2147483647</string>
			<key>files</key>
			<array/>
			<key>inputPaths</key>
			<array/>
			<key>isa</key>
			<string>PBXShellScriptBuildPhase</string>
			<key>name</key>
			<string>Copy Pods Resources</string>
			<key>outputPaths</key>
			<array/>
			<key>runOnlyForDeploymentPostprocessing</key>
			<string>0</string>
			<key>shellPath</key>
			<string>/bin/sh</string>
			<key>shellScript</key>
			<string>"${SRCROOT}/Pods/Pods-resources.sh"
</string>
			<key>showEnvVarsInLog</key>
			<string>0</string>
		</dict>
		<key>4E63667FD9AA4649805BAF28</key>
		<dict>
			<key>fileRef</key>
			<string>A6862C4033134B529CC5FDAB</string>
			<key>isa</key>
			<string>PBXBuildFile</string>
		</dict>
		<key>A6862C4033134B529CC5FDAB</key>
		<dict>
			<key>explicitFileType</key>
			<string>archive.ar</string>
			<key>includeInIndex</key>
			<string>0</string>
			<key>isa</key>
			<string>PBXFileReference</string>
			<key>path</key>
			<string>libPods.a</string>
			<key>sourceTree</key>
			<string>BUILT_PRODUCTS_DIR</string>
		</dict>
	</dict>
	<key>rootObject</key>
	<string>1CA5E04A18522FA300A9FB8C</string>
</dict>
</plist>
